// !$*UTF8*$!
{
	archiveVersion = 1;
	classes = {
	};
	objectVersion = 46;
	objects = {

/* Begin PBXBuildFile section */
		3C200656D0FEA6B3626B622B /* Pods_Demo.framework in Frameworks */ = {isa = PBXBuildFile; fileRef = 84AEE6F7CAF64EEC0258B81E /* Pods_Demo.framework */; };
		F1519B941CFC30500064B27E /* main.m in Sources */ = {isa = PBXBuildFile; fileRef = F1519B931CFC30500064B27E /* main.m */; };
		F1519B971CFC30500064B27E /* AppDelegate.m in Sources */ = {isa = PBXBuildFile; fileRef = F1519B961CFC30500064B27E /* AppDelegate.m */; };
		F1519B9D1CFC30500064B27E /* Main.storyboard in Resources */ = {isa = PBXBuildFile; fileRef = F1519B9B1CFC30500064B27E /* Main.storyboard */; };
		F1519B9F1CFC30500064B27E /* Assets.xcassets in Resources */ = {isa = PBXBuildFile; fileRef = F1519B9E1CFC30500064B27E /* Assets.xcassets */; };
		F1519BA21CFC30500064B27E /* LaunchScreen.storyboard in Resources */ = {isa = PBXBuildFile; fileRef = F1519BA01CFC30500064B27E /* LaunchScreen.storyboard */; };
		F160F5481CFE5DE50037BEDB /* MainTabBarController.m in Sources */ = {isa = PBXBuildFile; fileRef = F160F5471CFE5DE50037BEDB /* MainTabBarController.m */; };
		F160F54B1CFE60870037BEDB /* PhotoViewController.m in Sources */ = {isa = PBXBuildFile; fileRef = F160F54A1CFE60870037BEDB /* PhotoViewController.m */; };
		F190BEEB1D03AD3B000C328D /* PhotoCollectionView.m in Sources */ = {isa = PBXBuildFile; fileRef = F190BEEA1D03AD3B000C328D /* PhotoCollectionView.m */; };
		F190BEEE1D03B798000C328D /* PhotoCollectionViewCell.m in Sources */ = {isa = PBXBuildFile; fileRef = F190BEED1D03B798000C328D /* PhotoCollectionViewCell.m */; };
		F190BF181D03E63F000C328D /* Common.m in Sources */ = {isa = PBXBuildFile; fileRef = F190BF171D03E63E000C328D /* Common.m */; };
		F198EF401CFF139900CB12C2 /* MineViewController.m in Sources */ = {isa = PBXBuildFile; fileRef = F198EF3F1CFF139900CB12C2 /* MineViewController.m */; };
		F198EF431CFF216F00CB12C2 /* DataManager.m in Sources */ = {isa = PBXBuildFile; fileRef = F198EF421CFF216F00CB12C2 /* DataManager.m */; };
		F19A26BE1CFDCC87006FAA7C /* LogInViewController.m in Sources */ = {isa = PBXBuildFile; fileRef = F19A26BD1CFDCC87006FAA7C /* LogInViewController.m */; };
		F1D864C51D026A200099677E /* RootViewController.m in Sources */ = {isa = PBXBuildFile; fileRef = F1D864C41D026A200099677E /* RootViewController.m */; };
		F1D864C81D026A8C0099677E /* ChangePasswdViewController.m in Sources */ = {isa = PBXBuildFile; fileRef = F1D864C71D026A8C0099677E /* ChangePasswdViewController.m */; };
		F1F02D341CFD52F50054B502 /* qidongye.jpg in Resources */ = {isa = PBXBuildFile; fileRef = F1F02D331CFD52F50054B502 /* qidongye.jpg */; };
		F1F02D371CFD5C7D0054B502 /* LogOnViewController.m in Sources */ = {isa = PBXBuildFile; fileRef = F1F02D361CFD5C7D0054B502 /* LogOnViewController.m */; };
/* End PBXBuildFile section */

/* Begin PBXFileReference section */
		715D8217D3F6DA142E58650C /* Pods-Demo.release.xcconfig */ = {isa = PBXFileReference; includeInIndex = 1; lastKnownFileType = text.xcconfig; name = "Pods-Demo.release.xcconfig"; path = "Pods/Target Support Files/Pods-Demo/Pods-Demo.release.xcconfig"; sourceTree = "<group>"; };
		84AEE6F7CAF64EEC0258B81E /* Pods_Demo.framework */ = {isa = PBXFileReference; explicitFileType = wrapper.framework; includeInIndex = 0; path = Pods_Demo.framework; sourceTree = BUILT_PRODUCTS_DIR; };
		99C4C9E9C10B4841AD57D5B0 /* Pods-Demo.debug.xcconfig */ = {isa = PBXFileReference; includeInIndex = 1; lastKnownFileType = text.xcconfig; name = "Pods-Demo.debug.xcconfig"; path = "Pods/Target Support Files/Pods-Demo/Pods-Demo.debug.xcconfig"; sourceTree = "<group>"; };
		F1519B8F1CFC30500064B27E /* Demo.app */ = {isa = PBXFileReference; explicitFileType = wrapper.application; includeInIndex = 0; path = Demo.app; sourceTree = BUILT_PRODUCTS_DIR; };
		F1519B931CFC30500064B27E /* main.m */ = {isa = PBXFileReference; lastKnownFileType = sourcecode.c.objc; path = main.m; sourceTree = "<group>"; };
		F1519B951CFC30500064B27E /* AppDelegate.h */ = {isa = PBXFileReference; lastKnownFileType = sourcecode.c.h; path = AppDelegate.h; sourceTree = "<group>"; };
		F1519B961CFC30500064B27E /* AppDelegate.m */ = {isa = PBXFileReference; lastKnownFileType = sourcecode.c.objc; path = AppDelegate.m; sourceTree = "<group>"; };
		F1519B9C1CFC30500064B27E /* Base */ = {isa = PBXFileReference; lastKnownFileType = file.storyboard; name = Base; path = Base.lproj/Main.storyboard; sourceTree = "<group>"; };
		F1519B9E1CFC30500064B27E /* Assets.xcassets */ = {isa = PBXFileReference; lastKnownFileType = folder.assetcatalog; path = Assets.xcassets; sourceTree = "<group>"; };
		F1519BA11CFC30500064B27E /* Base */ = {isa = PBXFileReference; lastKnownFileType = file.storyboard; name = Base; path = Base.lproj/LaunchScreen.storyboard; sourceTree = "<group>"; };
		F1519BA31CFC30500064B27E /* Info.plist */ = {isa = PBXFileReference; lastKnownFileType = text.plist.xml; path = Info.plist; sourceTree = "<group>"; };
		F160F5461CFE5DE50037BEDB /* MainTabBarController.h */ = {isa = PBXFileReference; fileEncoding = 4; lastKnownFileType = sourcecode.c.h; path = MainTabBarController.h; sourceTree = "<group>"; };
		F160F5471CFE5DE50037BEDB /* MainTabBarController.m */ = {isa = PBXFileReference; fileEncoding = 4; lastKnownFileType = sourcecode.c.objc; path = MainTabBarController.m; sourceTree = "<group>"; };
		F160F5491CFE60870037BEDB /* PhotoViewController.h */ = {isa = PBXFileReference; fileEncoding = 4; lastKnownFileType = sourcecode.c.h; path = PhotoViewController.h; sourceTree = "<group>"; };
		F160F54A1CFE60870037BEDB /* PhotoViewController.m */ = {isa = PBXFileReference; fileEncoding = 4; lastKnownFileType = sourcecode.c.objc; path = PhotoViewController.m; sourceTree = "<group>"; };
		F190BEE91D03AD3B000C328D /* PhotoCollectionView.h */ = {isa = PBXFileReference; fileEncoding = 4; lastKnownFileType = sourcecode.c.h; path = PhotoCollectionView.h; sourceTree = "<group>"; };
		F190BEEA1D03AD3B000C328D /* PhotoCollectionView.m */ = {isa = PBXFileReference; fileEncoding = 4; lastKnownFileType = sourcecode.c.objc; path = PhotoCollectionView.m; sourceTree = "<group>"; };
		F190BEEC1D03B798000C328D /* PhotoCollectionViewCell.h */ = {isa = PBXFileReference; fileEncoding = 4; lastKnownFileType = sourcecode.c.h; path = PhotoCollectionViewCell.h; sourceTree = "<group>"; };
		F190BEED1D03B798000C328D /* PhotoCollectionViewCell.m */ = {isa = PBXFileReference; fileEncoding = 4; lastKnownFileType = sourcecode.c.objc; path = PhotoCollectionViewCell.m; sourceTree = "<group>"; };
		F190BF161D03E63E000C328D /* Common.h */ = {isa = PBXFileReference; fileEncoding = 4; lastKnownFileType = sourcecode.c.h; path = Common.h; sourceTree = "<group>"; };
		F190BF171D03E63E000C328D /* Common.m */ = {isa = PBXFileReference; fileEncoding = 4; lastKnownFileType = sourcecode.c.objc; path = Common.m; sourceTree = "<group>"; };
		F198EF3E1CFF139900CB12C2 /* MineViewController.h */ = {isa = PBXFileReference; fileEncoding = 4; lastKnownFileType = sourcecode.c.h; path = MineViewController.h; sourceTree = "<group>"; };
		F198EF3F1CFF139900CB12C2 /* MineViewController.m */ = {isa = PBXFileReference; fileEncoding = 4; lastKnownFileType = sourcecode.c.objc; path = MineViewController.m; sourceTree = "<group>"; };
		F198EF411CFF216F00CB12C2 /* DataManager.h */ = {isa = PBXFileReference; fileEncoding = 4; lastKnownFileType = sourcecode.c.h; path = DataManager.h; sourceTree = "<group>"; };
		F198EF421CFF216F00CB12C2 /* DataManager.m */ = {isa = PBXFileReference; fileEncoding = 4; lastKnownFileType = sourcecode.c.objc; path = DataManager.m; sourceTree = "<group>"; };
		F198EF441CFF261800CB12C2 /* PrefixHeader.pch */ = {isa = PBXFileReference; lastKnownFileType = sourcecode.c.h; path = PrefixHeader.pch; sourceTree = "<group>"; };
		F19A26BC1CFDCC87006FAA7C /* LogInViewController.h */ = {isa = PBXFileReference; fileEncoding = 4; lastKnownFileType = sourcecode.c.h; path = LogInViewController.h; sourceTree = "<group>"; };
		F19A26BD1CFDCC87006FAA7C /* LogInViewController.m */ = {isa = PBXFileReference; fileEncoding = 4; lastKnownFileType = sourcecode.c.objc; path = LogInViewController.m; sourceTree = "<group>"; };
		F1D864C31D026A200099677E /* RootViewController.h */ = {isa = PBXFileReference; fileEncoding = 4; lastKnownFileType = sourcecode.c.h; path = RootViewController.h; sourceTree = "<group>"; };
		F1D864C41D026A200099677E /* RootViewController.m */ = {isa = PBXFileReference; fileEncoding = 4; lastKnownFileType = sourcecode.c.objc; path = RootViewController.m; sourceTree = "<group>"; };
		F1D864C61D026A8C0099677E /* ChangePasswdViewController.h */ = {isa = PBXFileReference; fileEncoding = 4; lastKnownFileType = sourcecode.c.h; path = ChangePasswdViewController.h; sourceTree = "<group>"; };
		F1D864C71D026A8C0099677E /* ChangePasswdViewController.m */ = {isa = PBXFileReference; fileEncoding = 4; lastKnownFileType = sourcecode.c.objc; path = ChangePasswdViewController.m; sourceTree = "<group>"; };
		F1F02D331CFD52F50054B502 /* qidongye.jpg */ = {isa = PBXFileReference; lastKnownFileType = image.jpeg; path = qidongye.jpg; sourceTree = "<group>"; };
		F1F02D351CFD5C7D0054B502 /* LogOnViewController.h */ = {isa = PBXFileReference; fileEncoding = 4; lastKnownFileType = sourcecode.c.h; path = LogOnViewController.h; sourceTree = "<group>"; };
		F1F02D361CFD5C7D0054B502 /* LogOnViewController.m */ = {isa = PBXFileReference; fileEncoding = 4; lastKnownFileType = sourcecode.c.objc; path = LogOnViewController.m; sourceTree = "<group>"; };
/* End PBXFileReference section */

/* Begin PBXFrameworksBuildPhase section */
		F1519B8C1CFC30500064B27E /* Frameworks */ = {
			isa = PBXFrameworksBuildPhase;
			buildActionMask = 2147483647;
			files = (
				3C200656D0FEA6B3626B622B /* Pods_Demo.framework in Frameworks */,
			);
			runOnlyForDeploymentPostprocessing = 0;
		};
/* End PBXFrameworksBuildPhase section */

/* Begin PBXGroup section */
		5F83CC81B9889F7663F3EAD0 /* Frameworks */ = {
			isa = PBXGroup;
			children = (
				84AEE6F7CAF64EEC0258B81E /* Pods_Demo.framework */,
			);
			name = Frameworks;
			sourceTree = "<group>";
		};
		EF13A955D9A59712A1C696BC /* Pods */ = {
			isa = PBXGroup;
			children = (
				99C4C9E9C10B4841AD57D5B0 /* Pods-Demo.debug.xcconfig */,
				715D8217D3F6DA142E58650C /* Pods-Demo.release.xcconfig */,
			);
			name = Pods;
			sourceTree = "<group>";
		};
		F1519B861CFC30500064B27E = {
			isa = PBXGroup;
			children = (
				F1519B911CFC30500064B27E /* Demo */,
				F1519B901CFC30500064B27E /* Products */,
				EF13A955D9A59712A1C696BC /* Pods */,
				5F83CC81B9889F7663F3EAD0 /* Frameworks */,
			);
			sourceTree = "<group>";
		};
		F1519B901CFC30500064B27E /* Products */ = {
			isa = PBXGroup;
			children = (
				F1519B8F1CFC30500064B27E /* Demo.app */,
			);
			name = Products;
			sourceTree = "<group>";
		};
		F1519B911CFC30500064B27E /* Demo */ = {
			isa = PBXGroup;
			children = (
				F1519B951CFC30500064B27E /* AppDelegate.h */,
				F1519B961CFC30500064B27E /* AppDelegate.m */,
				F1D864C31D026A200099677E /* RootViewController.h */,
				F1D864C41D026A200099677E /* RootViewController.m */,
				F1F02D351CFD5C7D0054B502 /* LogOnViewController.h */,
				F1F02D361CFD5C7D0054B502 /* LogOnViewController.m */,
				F19A26BC1CFDCC87006FAA7C /* LogInViewController.h */,
				F19A26BD1CFDCC87006FAA7C /* LogInViewController.m */,
				F160F5461CFE5DE50037BEDB /* MainTabBarController.h */,
				F160F5471CFE5DE50037BEDB /* MainTabBarController.m */,
				F190BEE61D03ACF9000C328D /* Photo */,
				F1D864BC1D0258570099677E /* Mine */,
				F198EF411CFF216F00CB12C2 /* DataManager.h */,
				F198EF421CFF216F00CB12C2 /* DataManager.m */,
				F1519B9B1CFC30500064B27E /* Main.storyboard */,
				F1519B9E1CFC30500064B27E /* Assets.xcassets */,
				F1519BA01CFC30500064B27E /* LaunchScreen.storyboard */,
				F1519BA31CFC30500064B27E /* Info.plist */,
				F1519B921CFC30500064B27E /* Supporting Files */,
			);
			path = Demo;
			sourceTree = "<group>";
		};
		F1519B921CFC30500064B27E /* Supporting Files */ = {
			isa = PBXGroup;
			children = (
				F1F02D331CFD52F50054B502 /* qidongye.jpg */,
				F1519B931CFC30500064B27E /* main.m */,
				F190BF161D03E63E000C328D /* Common.h */,
				F190BF171D03E63E000C328D /* Common.m */,
				F198EF441CFF261800CB12C2 /* PrefixHeader.pch */,
			);
			name = "Supporting Files";
			sourceTree = "<group>";
		};
		F190BEE61D03ACF9000C328D /* Photo */ = {
			isa = PBXGroup;
			children = (
				F190BEE81D03AD14000C328D /* View */,
				F190BEE71D03AD0A000C328D /* ViewController */,
			);
			name = Photo;
			sourceTree = "<group>";
		};
		F190BEE71D03AD0A000C328D /* ViewController */ = {
			isa = PBXGroup;
			children = (
				F160F5491CFE60870037BEDB /* PhotoViewController.h */,
				F160F54A1CFE60870037BEDB /* PhotoViewController.m */,
			);
			name = ViewController;
			sourceTree = "<group>";
		};
		F190BEE81D03AD14000C328D /* View */ = {
			isa = PBXGroup;
			children = (
				F190BEE91D03AD3B000C328D /* PhotoCollectionView.h */,
				F190BEEA1D03AD3B000C328D /* PhotoCollectionView.m */,
				F190BEEC1D03B798000C328D /* PhotoCollectionViewCell.h */,
				F190BEED1D03B798000C328D /* PhotoCollectionViewCell.m */,
			);
			name = View;
			sourceTree = "<group>";
		};
		F1D864BC1D0258570099677E /* Mine */ = {
			isa = PBXGroup;
			children = (
				F198EF3E1CFF139900CB12C2 /* MineViewController.h */,
				F198EF3F1CFF139900CB12C2 /* MineViewController.m */,
				F1D864C61D026A8C0099677E /* ChangePasswdViewController.h */,
				F1D864C71D026A8C0099677E /* ChangePasswdViewController.m */,
			);
			name = Mine;
			sourceTree = "<group>";
		};
/* End PBXGroup section */

/* Begin PBXNativeTarget section */
		F1519B8E1CFC30500064B27E /* Demo */ = {
			isa = PBXNativeTarget;
			buildConfigurationList = F1519BA61CFC30500064B27E /* Build configuration list for PBXNativeTarget "Demo" */;
			buildPhases = (
				C6223690F52FD2E9858B17E5 /* 📦 Check Pods Manifest.lock */,
				F1519B8B1CFC30500064B27E /* Sources */,
				F1519B8C1CFC30500064B27E /* Frameworks */,
				F1519B8D1CFC30500064B27E /* Resources */,
				4DD0C4238A433CA198D09710 /* 📦 Embed Pods Frameworks */,
				690D87835379F323B20A373C /* 📦 Copy Pods Resources */,
			);
			buildRules = (
			);
			dependencies = (
			);
			name = Demo;
			productName = Demo;
			productReference = F1519B8F1CFC30500064B27E /* Demo.app */;
			productType = "com.apple.product-type.application";
		};
/* End PBXNativeTarget section */

/* Begin PBXProject section */
		F1519B871CFC30500064B27E /* Project object */ = {
			isa = PBXProject;
			attributes = {
				LastUpgradeCheck = 0730;
				ORGANIZATIONNAME = ruanqiaohua;
				TargetAttributes = {
					F1519B8E1CFC30500064B27E = {
						CreatedOnToolsVersion = 7.3.1;
						DevelopmentTeam = 8KNDMU75FD;
					};
				};
			};
			buildConfigurationList = F1519B8A1CFC30500064B27E /* Build configuration list for PBXProject "Demo" */;
			compatibilityVersion = "Xcode 3.2";
			developmentRegion = English;
			hasScannedForEncodings = 0;
			knownRegions = (
				en,
				Base,
			);
			mainGroup = F1519B861CFC30500064B27E;
			productRefGroup = F1519B901CFC30500064B27E /* Products */;
			projectDirPath = "";
			projectRoot = "";
			targets = (
				F1519B8E1CFC30500064B27E /* Demo */,
			);
		};
/* End PBXProject section */

/* Begin PBXResourcesBuildPhase section */
		F1519B8D1CFC30500064B27E /* Resources */ = {
			isa = PBXResourcesBuildPhase;
			buildActionMask = 2147483647;
			files = (
				F1519BA21CFC30500064B27E /* LaunchScreen.storyboard in Resources */,
				F1519B9F1CFC30500064B27E /* Assets.xcassets in Resources */,
				F1519B9D1CFC30500064B27E /* Main.storyboard in Resources */,
				F1F02D341CFD52F50054B502 /* qidongye.jpg in Resources */,
			);
			runOnlyForDeploymentPostprocessing = 0;
		};
/* End PBXResourcesBuildPhase section */

/* Begin PBXShellScriptBuildPhase section */
		4DD0C4238A433CA198D09710 /* 📦 Embed Pods Frameworks */ = {
			isa = PBXShellScriptBuildPhase;
			buildActionMask = 2147483647;
			files = (
			);
			inputPaths = (
			);
			name = "📦 Embed Pods Frameworks";
			outputPaths = (
			);
			runOnlyForDeploymentPostprocessing = 0;
			shellPath = /bin/sh;
			shellScript = "\"${SRCROOT}/Pods/Target Support Files/Pods-Demo/Pods-Demo-frameworks.sh\"\n";
			showEnvVarsInLog = 0;
		};
		690D87835379F323B20A373C /* 📦 Copy Pods Resources */ = {
			isa = PBXShellScriptBuildPhase;
			buildActionMask = 2147483647;
			files = (
			);
			inputPaths = (
			);
			name = "📦 Copy Pods Resources";
			outputPaths = (
			);
			runOnlyForDeploymentPostprocessing = 0;
			shellPath = /bin/sh;
			shellScript = "\"${SRCROOT}/Pods/Target Support Files/Pods-Demo/Pods-Demo-resources.sh\"\n";
			showEnvVarsInLog = 0;
		};
		C6223690F52FD2E9858B17E5 /* 📦 Check Pods Manifest.lock */ = {
			isa = PBXShellScriptBuildPhase;
			buildActionMask = 2147483647;
			files = (
			);
			inputPaths = (
			);
			name = "📦 Check Pods Manifest.lock";
			outputPaths = (
			);
			runOnlyForDeploymentPostprocessing = 0;
			shellPath = /bin/sh;
			shellScript = "diff \"${PODS_ROOT}/../Podfile.lock\" \"${PODS_ROOT}/Manifest.lock\" > /dev/null\nif [[ $? != 0 ]] ; then\n    cat << EOM\nerror: The sandbox is not in sync with the Podfile.lock. Run 'pod install' or update your CocoaPods installation.\nEOM\n    exit 1\nfi\n";
			showEnvVarsInLog = 0;
		};
/* End PBXShellScriptBuildPhase section */

/* Begin PBXSourcesBuildPhase section */
		F1519B8B1CFC30500064B27E /* Sources */ = {
			isa = PBXSourcesBuildPhase;
			buildActionMask = 2147483647;
			files = (
				F1D864C81D026A8C0099677E /* ChangePasswdViewController.m in Sources */,
				F190BEEE1D03B798000C328D /* PhotoCollectionViewCell.m in Sources */,
				F1519B971CFC30500064B27E /* AppDelegate.m in Sources */,
				F160F5481CFE5DE50037BEDB /* MainTabBarController.m in Sources */,
				F19A26BE1CFDCC87006FAA7C /* LogInViewController.m in Sources */,
				F1D864C51D026A200099677E /* RootViewController.m in Sources */,
				F1F02D371CFD5C7D0054B502 /* LogOnViewController.m in Sources */,
				F1519B941CFC30500064B27E /* main.m in Sources */,
				F160F54B1CFE60870037BEDB /* PhotoViewController.m in Sources */,
				F190BEEB1D03AD3B000C328D /* PhotoCollectionView.m in Sources */,
				F190BF181D03E63F000C328D /* Common.m in Sources */,
				F198EF431CFF216F00CB12C2 /* DataManager.m in Sources */,
				F198EF401CFF139900CB12C2 /* MineViewController.m in Sources */,
			);
			runOnlyForDeploymentPostprocessing = 0;
		};
/* End PBXSourcesBuildPhase section */

/* Begin PBXVariantGroup section */
		F1519B9B1CFC30500064B27E /* Main.storyboard */ = {
			isa = PBXVariantGroup;
			children = (
				F1519B9C1CFC30500064B27E /* Base */,
			);
			name = Main.storyboard;
			sourceTree = "<group>";
		};
		F1519BA01CFC30500064B27E /* LaunchScreen.storyboard */ = {
			isa = PBXVariantGroup;
			children = (
				F1519BA11CFC30500064B27E /* Base */,
			);
			name = LaunchScreen.storyboard;
			sourceTree = "<group>";
		};
/* End PBXVariantGroup section */

/* Begin XCBuildConfiguration section */
		F1519BA41CFC30500064B27E /* Debug */ = {
			isa = XCBuildConfiguration;
			buildSettings = {
				ALWAYS_SEARCH_USER_PATHS = NO;
				CLANG_ANALYZER_NONNULL = YES;
				CLANG_CXX_LANGUAGE_STANDARD = "gnu++0x";
				CLANG_CXX_LIBRARY = "libc++";
				CLANG_ENABLE_MODULES = YES;
				CLANG_ENABLE_OBJC_ARC = YES;
				CLANG_WARN_BOOL_CONVERSION = YES;
				CLANG_WARN_CONSTANT_CONVERSION = YES;
				CLANG_WARN_DIRECT_OBJC_ISA_USAGE = YES_ERROR;
				CLANG_WARN_EMPTY_BODY = YES;
				CLANG_WARN_ENUM_CONVERSION = YES;
				CLANG_WARN_INT_CONVERSION = YES;
				CLANG_WARN_OBJC_ROOT_CLASS = YES_ERROR;
				CLANG_WARN_UNREACHABLE_CODE = YES;
				CLANG_WARN__DUPLICATE_METHOD_MATCH = YES;
				"CODE_SIGN_IDENTITY[sdk=iphoneos*]" = "iPhone Developer";
				COPY_PHASE_STRIP = NO;
				DEBUG_INFORMATION_FORMAT = dwarf;
				ENABLE_STRICT_OBJC_MSGSEND = YES;
				ENABLE_TESTABILITY = YES;
				GCC_C_LANGUAGE_STANDARD = gnu99;
				GCC_DYNAMIC_NO_PIC = NO;
				GCC_NO_COMMON_BLOCKS = YES;
				GCC_OPTIMIZATION_LEVEL = 0;
				GCC_PREPROCESSOR_DEFINITIONS = (
					"DEBUG=1",
					"$(inherited)",
				);
				GCC_WARN_64_TO_32_BIT_CONVERSION = YES;
				GCC_WARN_ABOUT_RETURN_TYPE = YES_ERROR;
				GCC_WARN_UNDECLARED_SELECTOR = YES;
				GCC_WARN_UNINITIALIZED_AUTOS = YES_AGGRESSIVE;
				GCC_WARN_UNUSED_FUNCTION = YES;
				GCC_WARN_UNUSED_VARIABLE = YES;
				IPHONEOS_DEPLOYMENT_TARGET = 9.3;
				MTL_ENABLE_DEBUG_INFO = YES;
				ONLY_ACTIVE_ARCH = YES;
				SDKROOT = iphoneos;
				TARGETED_DEVICE_FAMILY = "1,2";
			};
			name = Debug;
		};
		F1519BA51CFC30500064B27E /* Release */ = {
			isa = XCBuildConfiguration;
			buildSettings = {
				ALWAYS_SEARCH_USER_PATHS = NO;
				CLANG_ANALYZER_NONNULL = YES;
				CLANG_CXX_LANGUAGE_STANDARD = "gnu++0x";
				CLANG_CXX_LIBRARY = "libc++";
				CLANG_ENABLE_MODULES = YES;
				CLANG_ENABLE_OBJC_ARC = YES;
				CLANG_WARN_BOOL_CONVERSION = YES;
				CLANG_WARN_CONSTANT_CONVERSION = YES;
				CLANG_WARN_DIRECT_OBJC_ISA_USAGE = YES_ERROR;
				CLANG_WARN_EMPTY_BODY = YES;
				CLANG_WARN_ENUM_CONVERSION = YES;
				CLANG_WARN_INT_CONVERSION = YES;
				CLANG_WARN_OBJC_ROOT_CLASS = YES_ERROR;
				CLANG_WARN_UNREACHABLE_CODE = YES;
				CLANG_WARN__DUPLICATE_METHOD_MATCH = YES;
				"CODE_SIGN_IDENTITY[sdk=iphoneos*]" = "iPhone Developer";
				COPY_PHASE_STRIP = NO;
				DEBUG_INFORMATION_FORMAT = "dwarf-with-dsym";
				ENABLE_NS_ASSERTIONS = NO;
				ENABLE_STRICT_OBJC_MSGSEND = YES;
				GCC_C_LANGUAGE_STANDARD = gnu99;
				GCC_NO_COMMON_BLOCKS = YES;
				GCC_WARN_64_TO_32_BIT_CONVERSION = YES;
				GCC_WARN_ABOUT_RETURN_TYPE = YES_ERROR;
				GCC_WARN_UNDECLARED_SELECTOR = YES;
				GCC_WARN_UNINITIALIZED_AUTOS = YES_AGGRESSIVE;
				GCC_WARN_UNUSED_FUNCTION = YES;
				GCC_WARN_UNUSED_VARIABLE = YES;
				IPHONEOS_DEPLOYMENT_TARGET = 9.3;
				MTL_ENABLE_DEBUG_INFO = NO;
				SDKROOT = iphoneos;
				TARGETED_DEVICE_FAMILY = "1,2";
				VALIDATE_PRODUCT = YES;
			};
			name = Release;
		};
		F1519BA71CFC30500064B27E /* Debug */ = {
			isa = XCBuildConfiguration;
			baseConfigurationReference = 99C4C9E9C10B4841AD57D5B0 /* Pods-Demo.debug.xcconfig */;
			buildSettings = {
				ASSETCATALOG_COMPILER_APPICON_NAME = AppIcon;
				CODE_SIGN_IDENTITY = "iPhone Developer";
				"CODE_SIGN_IDENTITY[sdk=iphoneos*]" = "iPhone Developer";
				GCC_PREFIX_HEADER = "$(SRCROOT)/$(PROJECT_NAME)/PrefixHeader.pch";
				INFOPLIST_FILE = Demo/Info.plist;
				LD_RUNPATH_SEARCH_PATHS = "$(inherited) @executable_path/Frameworks";
				PRODUCT_BUNDLE_IDENTIFIER = com.ruanqiaohua.MyFirstApp;
				PRODUCT_NAME = "$(TARGET_NAME)";
				PROVISIONING_PROFILE = "";
			};
			name = Debug;
		};
		F1519BA81CFC30500064B27E /* Release */ = {
			isa = XCBuildConfiguration;
			baseConfigurationReference = 715D8217D3F6DA142E58650C /* Pods-Demo.release.xcconfig */;
			buildSettings = {
				ASSETCATALOG_COMPILER_APPICON_NAME = AppIcon;
				CODE_SIGN_IDENTITY = "iPhone Developer";
				"CODE_SIGN_IDENTITY[sdk=iphoneos*]" = "iPhone Developer";
				GCC_PREFIX_HEADER = "$(SRCROOT)/$(PROJECT_NAME)/PrefixHeader.pch";
				INFOPLIST_FILE = Demo/Info.plist;
				LD_RUNPATH_SEARCH_PATHS = "$(inherited) @executable_path/Frameworks";
				PRODUCT_BUNDLE_IDENTIFIER = com.ruanqiaohua.MyFirstApp;
				PRODUCT_NAME = "$(TARGET_NAME)";
				PROVISIONING_PROFILE = "";
			};
			name = Release;
		};
/* End XCBuildConfiguration section */

/* Begin XCConfigurationList section */
		F1519B8A1CFC30500064B27E /* Build configuration list for PBXProject "Demo" */ = {
			isa = XCConfigurationList;
			buildConfigurations = (
				F1519BA41CFC30500064B27E /* Debug */,
				F1519BA51CFC30500064B27E /* Release */,
			);
			defaultConfigurationIsVisible = 0;
			defaultConfigurationName = Release;
		};
		F1519BA61CFC30500064B27E /* Build configuration list for PBXNativeTarget "Demo" */ = {
			isa = XCConfigurationList;
			buildConfigurations = (
				F1519BA71CFC30500064B27E /* Debug */,
				F1519BA81CFC30500064B27E /* Release */,
			);
			defaultConfigurationIsVisible = 0;
			defaultConfigurationName = Release;
		};
/* End XCConfigurationList section */
	};
	rootObject = F1519B871CFC30500064B27E /* Project object */;
}
